
Microsoft Visual Studio Solution File, Format Version 12.00
# Visual Studio 15
VisualStudioVersion = 15.0.26124.0
MinimumVisualStudioVersion = 15.0.26124.0
Project("{FAE04EC0-301F-11D3-BF4B-00C04F79EFBC}") = "Cognizant.Domain", "Cognizant.Domain\Cognizant.Domain.csproj", "{721CABB1-3820-464D-9F1C-7508C0EB1BC6}"
EndProject
Project("{FAE04EC0-301F-11D3-BF4B-00C04F79EFBC}") = "Cognizant.MVC", "Cognizant.MVC\Cognizant.MVC.csproj", "{18321C07-4746-48AA-84D5-3CC9281AE6D9}"
EndProject
Project("{FAE04EC0-301F-11D3-BF4B-00C04F79EFBC}") = "Cognizant.Repository", "Cognizant.Repository\Cognizant.Repository.csproj", "{BA63206F-99DE-47B2-830A-59A321E12961}"
EndProject
Global
	GlobalSection(SolutionConfigurationPlatforms) = preSolution
		Debug|Any CPU = Debug|Any CPU
		Debug|x64 = Debug|x64
		Debug|x86 = Debug|x86
		Release|Any CPU = Release|Any CPU
		Release|x64 = Release|x64
		Release|x86 = Release|x86
	EndGlobalSection
	GlobalSection(SolutionProperties) = preSolution
		HideSolutionNode = FALSE
	EndGlobalSection
	GlobalSection(ProjectConfigurationPlatforms) = postSolution
		{721CABB1-3820-464D-9F1C-7508C0EB1BC6}.Debug|Any CPU.ActiveCfg = Debug|Any CPU
		{721CABB1-3820-464D-9F1C-7508C0EB1BC6}.Debug|Any CPU.Build.0 = Debug|Any CPU
		{721CABB1-3820-464D-9F1C-7508C0EB1BC6}.Debug|x64.ActiveCfg = Debug|Any CPU
		{721CABB1-3820-464D-9F1C-7508C0EB1BC6}.Debug|x64.Build.0 = Debug|Any CPU
		{721CABB1-3820-464D-9F1C-7508C0EB1BC6}.Debug|x86.ActiveCfg = Debug|Any CPU
		{721CABB1-3820-464D-9F1C-7508C0EB1BC6}.Debug|x86.Build.0 = Debug|Any CPU
		{721CABB1-3820-464D-9F1C-7508C0EB1BC6}.Release|Any CPU.ActiveCfg = Release|Any CPU
		{721CABB1-3820-464D-9F1C-7508C0EB1BC6}.Release|Any CPU.Build.0 = Release|Any CPU
		{721CABB1-3820-464D-9F1C-7508C0EB1BC6}.Release|x64.ActiveCfg = Release|Any CPU
		{721CABB1-3820-464D-9F1C-7508C0EB1BC6}.Release|x64.Build.0 = Release|Any CPU
		{721CABB1-3820-464D-9F1C-7508C0EB1BC6}.Release|x86.ActiveCfg = Release|Any CPU
		{721CABB1-3820-464D-9F1C-7508C0EB1BC6}.Release|x86.Build.0 = Release|Any CPU
		{18321C07-4746-48AA-84D5-3CC9281AE6D9}.Debug|Any CPU.ActiveCfg = Debug|Any CPU
		{18321C07-4746-48AA-84D5-3CC9281AE6D9}.Debug|Any CPU.Build.0 = Debug|Any CPU
		{18321C07-4746-48AA-84D5-3CC9281AE6D9}.Debug|x64.ActiveCfg = Debug|Any CPU
		{18321C07-4746-48AA-84D5-3CC9281AE6D9}.Debug|x64.Build.0 = Debug|Any CPU
		{18321C07-4746-48AA-84D5-3CC9281AE6D9}.Debug|x86.ActiveCfg = Debug|Any CPU
		{18321C07-4746-48AA-84D5-3CC9281AE6D9}.Debug|x86.Build.0 = Debug|Any CPU
		{18321C07-4746-48AA-84D5-3CC9281AE6D9}.Release|Any CPU.ActiveCfg = Release|Any CPU
		{18321C07-4746-48AA-84D5-3CC9281AE6D9}.Release|Any CPU.Build.0 = Release|Any CPU
		{18321C07-4746-48AA-84D5-3CC9281AE6D9}.Release|x64.ActiveCfg = Release|Any CPU
		{18321C07-4746-48AA-84D5-3CC9281AE6D9}.Release|x64.Build.0 = Release|Any CPU
		{18321C07-4746-48AA-84D5-3CC9281AE6D9}.Release|x86.ActiveCfg = Release|Any CPU
		{18321C07-4746-48AA-84D5-3CC9281AE6D9}.Release|x86.Build.0 = Release|Any CPU
		{BA63206F-99DE-47B2-830A-59A321E12961}.Debug|Any CPU.ActiveCfg = Debug|Any CPU
		{BA63206F-99DE-47B2-830A-59A321E12961}.Debug|Any CPU.Build.0 = Debug|Any CPU
		{BA63206F-99DE-47B2-830A-59A321E12961}.Debug|x64.ActiveCfg = Debug|Any CPU
		{BA63206F-99DE-47B2-830A-59A321E12961}.Debug|x64.Build.0 = Debug|Any CPU
		{BA63206F-99DE-47B2-830A-59A321E12961}.Debug|x86.ActiveCfg = Debug|Any CPU
		{BA63206F-99DE-47B2-830A-59A321E12961}.Debug|x86.Build.0 = Debug|Any CPU
		{BA63206F-99DE-47B2-830A-59A321E12961}.Release|Any CPU.ActiveCfg = Release|Any CPU
		{BA63206F-99DE-47B2-830A-59A321E12961}.Release|Any CPU.Build.0 = Release|Any CPU
		{BA63206F-99DE-47B2-830A-59A321E12961}.Release|x64.ActiveCfg = Release|Any CPU
		{BA63206F-99DE-47B2-830A-59A321E12961}.Release|x64.Build.0 = Release|Any CPU
		{BA63206F-99DE-47B2-830A-59A321E12961}.Release|x86.ActiveCfg = Release|Any CPU
		{BA63206F-99DE-47B2-830A-59A321E12961}.Release|x86.Build.0 = Release|Any CPU
	EndGlobalSection
EndGlobal
